// !$*UTF8*$!
{
	archiveVersion = 1;
	classes = {
	};
	objectVersion = 46;
	objects = {

/* Begin PBXBuildFile section */
		04A2544F195D423700E37CAD /* main.m in Sources */ = {isa = PBXBuildFile; fileRef = 04A2544E195D423700E37CAD /* main.m */; };
		04A25452195D423700E37CAD /* AppDelegate.m in Sources */ = {isa = PBXBuildFile; fileRef = 04A25451195D423700E37CAD /* AppDelegate.m */; };
		04A25454195D423700E37CAD /* Images.xcassets in Resources */ = {isa = PBXBuildFile; fileRef = 04A25453195D423700E37CAD /* Images.xcassets */; };
		04A25460195D423700E37CAD /* PushDemoTests.m in Sources */ = {isa = PBXBuildFile; fileRef = 04A2545F195D423700E37CAD /* PushDemoTests.m */; };
/* End PBXBuildFile section */

/* Begin PBXContainerItemProxy section */
		04A2545A195D423700E37CAD /* PBXContainerItemProxy */ = {
			isa = PBXContainerItemProxy;
			containerPortal = 04A25441195D423700E37CAD /* Project object */;
			proxyType = 1;
			remoteGlobalIDString = 04A25448195D423700E37CAD;
			remoteInfo = PushDemo;
		};
/* End PBXContainerItemProxy section */

/* Begin PBXFileReference section */
		04A25449195D423700E37CAD /* PushDemo.app */ = {isa = PBXFileReference; explicitFileType = wrapper.application; includeInIndex = 0; path = PushDemo.app; sourceTree = BUILT_PRODUCTS_DIR; };
		04A2544D195D423700E37CAD /* Info.plist */ = {isa = PBXFileReference; lastKnownFileType = text.plist.xml; path = Info.plist; sourceTree = "<group>"; };
		04A2544E195D423700E37CAD /* main.m */ = {isa = PBXFileReference; lastKnownFileType = sourcecode.c.objc; path = main.m; sourceTree = "<group>"; };
		04A25450195D423700E37CAD /* AppDelegate.h */ = {isa = PBXFileReference; lastKnownFileType = sourcecode.c.h; path = AppDelegate.h; sourceTree = "<group>"; };
		04A25451195D423700E37CAD /* AppDelegate.m */ = {isa = PBXFileReference; lastKnownFileType = sourcecode.c.objc; path = AppDelegate.m; sourceTree = "<group>"; };
		04A25453195D423700E37CAD /* Images.xcassets */ = {isa = PBXFileReference; lastKnownFileType = folder.assetcatalog; path = Images.xcassets; sourceTree = "<group>"; };
		04A25459195D423700E37CAD /* PushDemoTests.xctest */ = {isa = PBXFileReference; explicitFileType = wrapper.cfbundle; includeInIndex = 0; path = PushDemoTests.xctest; sourceTree = BUILT_PRODUCTS_DIR; };
		04A2545E195D423700E37CAD /* Info.plist */ = {isa = PBXFileReference; lastKnownFileType = text.plist.xml; path = Info.plist; sourceTree = "<group>"; };
		04A2545F195D423700E37CAD /* PushDemoTests.m */ = {isa = PBXFileReference; lastKnownFileType = sourcecode.c.objc; path = PushDemoTests.m; sourceTree = "<group>"; };
/* End PBXFileReference section */

/* Begin PBXFrameworksBuildPhase section */
		04A25446195D423700E37CAD /* Frameworks */ = {
			isa = PBXFrameworksBuildPhase;
			buildActionMask = 2147483647;
			files = (
			);
			runOnlyForDeploymentPostprocessing = 0;
		};
		04A25456195D423700E37CAD /* Frameworks */ = {
			isa = PBXFrameworksBuildPhase;
			buildActionMask = 2147483647;
			files = (
			);
			runOnlyForDeploymentPostprocessing = 0;
		};
/* End PBXFrameworksBuildPhase section */

/* Begin PBXGroup section */
		04A25440195D423700E37CAD = {
			isa = PBXGroup;
			children = (
				04A2544B195D423700E37CAD /* PushDemo */,
				04A2545C195D423700E37CAD /* PushDemoTests */,
				04A2544A195D423700E37CAD /* Products */,
			);
			sourceTree = "<group>";
		};
		04A2544A195D423700E37CAD /* Products */ = {
			isa = PBXGroup;
			children = (
				04A25449195D423700E37CAD /* PushDemo.app */,
				04A25459195D423700E37CAD /* PushDemoTests.xctest */,
			);
			name = Products;
			sourceTree = "<group>";
		};
		04A2544B195D423700E37CAD /* PushDemo */ = {
			isa = PBXGroup;
			children = (
				04A25450195D423700E37CAD /* AppDelegate.h */,
				04A25451195D423700E37CAD /* AppDelegate.m */,
				04A25453195D423700E37CAD /* Images.xcassets */,
				04A2544C195D423700E37CAD /* Supporting Files */,
			);
			path = PushDemo;
			sourceTree = "<group>";
		};
		04A2544C195D423700E37CAD /* Supporting Files */ = {
			isa = PBXGroup;
			children = (
				04A2544D195D423700E37CAD /* Info.plist */,
				04A2544E195D423700E37CAD /* main.m */,
			);
			name = "Supporting Files";
			sourceTree = "<group>";
		};
		04A2545C195D423700E37CAD /* PushDemoTests */ = {
			isa = PBXGroup;
			children = (
				04A2545F195D423700E37CAD /* PushDemoTests.m */,
				04A2545D195D423700E37CAD /* Supporting Files */,
			);
			path = PushDemoTests;
			sourceTree = "<group>";
		};
		04A2545D195D423700E37CAD /* Supporting Files */ = {
			isa = PBXGroup;
			children = (
				04A2545E195D423700E37CAD /* Info.plist */,
			);
			name = "Supporting Files";
			sourceTree = "<group>";
		};
/* End PBXGroup section */

/* Begin PBXNativeTarget section */
		04A25448195D423700E37CAD /* PushDemo */ = {
			isa = PBXNativeTarget;
			buildConfigurationList = 04A25463195D423700E37CAD /* Build configuration list for PBXNativeTarget "PushDemo" */;
			buildPhases = (
				04A25445195D423700E37CAD /* Sources */,
				04A25446195D423700E37CAD /* Frameworks */,
				04A25447195D423700E37CAD /* Resources */,
			);
			buildRules = (
			);
			dependencies = (
			);
			name = PushDemo;
			productName = PushDemo;
			productReference = 04A25449195D423700E37CAD /* PushDemo.app */;
			productType = "com.apple.product-type.application";
		};
		04A25458195D423700E37CAD /* PushDemoTests */ = {
			isa = PBXNativeTarget;
			buildConfigurationList = 04A25466195D423700E37CAD /* Build configuration list for PBXNativeTarget "PushDemoTests" */;
			buildPhases = (
				04A25455195D423700E37CAD /* Sources */,
				04A25456195D423700E37CAD /* Frameworks */,
				04A25457195D423700E37CAD /* Resources */,
			);
			buildRules = (
			);
			dependencies = (
				04A2545B195D423700E37CAD /* PBXTargetDependency */,
			);
			name = PushDemoTests;
			productName = PushDemoTests;
			productReference = 04A25459195D423700E37CAD /* PushDemoTests.xctest */;
			productType = "com.apple.product-type.bundle.unit-test";
		};
/* End PBXNativeTarget section */

/* Begin PBXProject section */
		04A25441195D423700E37CAD /* Project object */ = {
			isa = PBXProject;
			attributes = {
				LastUpgradeCheck = 0600;
				ORGANIZATIONNAME = "于建祥";
				TargetAttributes = {
					04A25448195D423700E37CAD = {
						CreatedOnToolsVersion = 6.0;
					};
					04A25458195D423700E37CAD = {
						CreatedOnToolsVersion = 6.0;
						TestTargetID = 04A25448195D423700E37CAD;
					};
				};
			};
			buildConfigurationList = 04A25444195D423700E37CAD /* Build configuration list for PBXProject "PushDemo" */;
			compatibilityVersion = "Xcode 3.2";
			developmentRegion = English;
			hasScannedForEncodings = 0;
			knownRegions = (
				en,
			);
			mainGroup = 04A25440195D423700E37CAD;
			productRefGroup = 04A2544A195D423700E37CAD /* Products */;
			projectDirPath = "";
			projectRoot = "";
			targets = (
				04A25448195D423700E37CAD /* PushDemo */,
				04A25458195D423700E37CAD /* PushDemoTests */,
			);
		};
/* End PBXProject section */

/* Begin PBXResourcesBuildPhase section */
		04A25447195D423700E37CAD /* Resources */ = {
			isa = PBXResourcesBuildPhase;
			buildActionMask = 2147483647;
			files = (
				04A25454195D423700E37CAD /* Images.xcassets in Resources */,
			);
			runOnlyForDeploymentPostprocessing = 0;
		};
		04A25457195D423700E37CAD /* Resources */ = {
			isa = PBXResourcesBuildPhase;
			buildActionMask = 2147483647;
			files = (
			);
			runOnlyForDeploymentPostprocessing = 0;
		};
/* End PBXResourcesBuildPhase section */

/* Begin PBXSourcesBuildPhase section */
		04A25445195D423700E37CAD /* Sources */ = {
			isa = PBXSourcesBuildPhase;
			buildActionMask = 2147483647;
			files = (
				04A25452195D423700E37CAD /* AppDelegate.m in Sources */,
				04A2544F195D423700E37CAD /* main.m in Sources */,
			);
			runOnlyForDeploymentPostprocessing = 0;
		};
		04A25455195D423700E37CAD /* Sources */ = {
			isa = PBXSourcesBuildPhase;
			buildActionMask = 2147483647;
			files = (
				04A25460195D423700E37CAD /* PushDemoTests.m in Sources */,
			);
			runOnlyForDeploymentPostprocessing = 0;
		};
/* End PBXSourcesBuildPhase section */

/* Begin PBXTargetDependency section */
		04A2545B195D423700E37CAD /* PBXTargetDependency */ = {
			isa = PBXTargetDependency;
			target = 04A25448195D423700E37CAD /* PushDemo */;
			targetProxy = 04A2545A195D423700E37CAD /* PBXContainerItemProxy */;
		};
/* End PBXTargetDependency section */

/* Begin XCBuildConfiguration section */
		04A25461195D423700E37CAD /* Debug */ = {
			isa = XCBuildConfiguration;
			buildSettings = {
				ALWAYS_SEARCH_USER_PATHS = NO;
				CLANG_CXX_LANGUAGE_STANDARD = "gnu++0x";
				CLANG_CXX_LIBRARY = "libc++";
				CLANG_ENABLE_MODULES = YES;
				CLANG_ENABLE_OBJC_ARC = YES;
				CLANG_WARN_BOOL_CONVERSION = YES;
				CLANG_WARN_CONSTANT_CONVERSION = YES;
				CLANG_WARN_DIRECT_OBJC_ISA_USAGE = YES_ERROR;
				CLANG_WARN_EMPTY_BODY = YES;
				CLANG_WARN_ENUM_CONVERSION = YES;
				CLANG_WARN_INT_CONVERSION = YES;
				CLANG_WARN_OBJC_ROOT_CLASS = YES_ERROR;
				CLANG_WARN_UNREACHABLE_CODE = YES;
				CLANG_WARN__DUPLICATE_METHOD_MATCH = YES;
				"CODE_SIGN_IDENTITY[sdk=iphoneos*]" = "iPhone Developer";
				COPY_PHASE_STRIP = NO;
				ENABLE_STRICT_OBJC_MSGSEND = YES;
				GCC_C_LANGUAGE_STANDARD = gnu99;
				GCC_DYNAMIC_NO_PIC = NO;
				GCC_OPTIMIZATION_LEVEL = 0;
				GCC_PREPROCESSOR_DEFINITIONS = (
					"DEBUG=1",
					"$(inherited)",
				);
				GCC_SYMBOLS_PRIVATE_EXTERN = NO;
				GCC_WARN_64_TO_32_BIT_CONVERSION = YES;
				GCC_WARN_ABOUT_RETURN_TYPE = YES_ERROR;
				GCC_WARN_UNDECLARED_SELECTOR = YES;
				GCC_WARN_UNINITIALIZED_AUTOS = YES_AGGRESSIVE;
				GCC_WARN_UNUSED_FUNCTION = YES;
				GCC_WARN_UNUSED_VARIABLE = YES;
				IPHONEOS_DEPLOYMENT_TARGET = 8.0;
				METAL_ENABLE_DEBUG_INFO = YES;
				ONLY_ACTIVE_ARCH = YES;
				SDKROOT = iphoneos;
			};
			name = Debug;
		};
		04A25462195D423700E37CAD /* Release */ = {
			isa = XCBuildConfiguration;
			buildSettings = {
				ALWAYS_SEARCH_USER_PATHS = NO;
				CLANG_CXX_LANGUAGE_STANDARD = "gnu++0x";
				CLANG_CXX_LIBRARY = "libc++";
				CLANG_ENABLE_MODULES = YES;
				CLANG_ENABLE_OBJC_ARC = YES;
				CLANG_WARN_BOOL_CONVERSION = YES;
				CLANG_WARN_CONSTANT_CONVERSION = YES;
				CLANG_WARN_DIRECT_OBJC_ISA_USAGE = YES_ERROR;
				CLANG_WARN_EMPTY_BODY = YES;
				CLANG_WARN_ENUM_CONVERSION = YES;
				CLANG_WARN_INT_CONVERSION = YES;
				CLANG_WARN_OBJC_ROOT_CLASS = YES_ERROR;
				CLANG_WARN_UNREACHABLE_CODE = YES;
				CLANG_WARN__DUPLICATE_METHOD_MATCH = YES;
				"CODE_SIGN_IDENTITY[sdk=iphoneos*]" = "iPhone Developer";
				COPY_PHASE_STRIP = YES;
				ENABLE_NS_ASSERTIONS = NO;
				ENABLE_STRICT_OBJC_MSGSEND = YES;
				GCC_C_LANGUAGE_STANDARD = gnu99;
				GCC_WARN_64_TO_32_BIT_CONVERSION = YES;
				GCC_WARN_ABOUT_RETURN_TYPE = YES_ERROR;
				GCC_WARN_UNDECLARED_SELECTOR = YES;
				GCC_WARN_UNINITIALIZED_AUTOS = YES_AGGRESSIVE;
				GCC_WARN_UNUSED_FUNCTION = YES;
				GCC_WARN_UNUSED_VARIABLE = YES;
				IPHONEOS_DEPLOYMENT_TARGET = 8.0;
				METAL_ENABLE_DEBUG_INFO = NO;
				SDKROOT = iphoneos;
				VALIDATE_PRODUCT = YES;
			};
			name = Release;
		};
		04A25464195D423700E37CAD /* Debug */ = {
			isa = XCBuildConfiguration;
			buildSettings = {
				ASSETCATALOG_COMPILER_APPICON_NAME = AppIcon;
				ASSETCATALOG_COMPILER_LAUNCHIMAGE_NAME = LaunchImage;
				INFOPLIST_FILE = PushDemo/Info.plist;
				LD_RUNPATH_SEARCH_PATHS = "$(inherited) @executable_path/Frameworks";
				PRODUCT_NAME = "$(TARGET_NAME)";
			};
			name = Debug;
		};
		04A25465195D423700E37CAD /* Release */ = {
			isa = XCBuildConfiguration;
			buildSettings = {
				ASSETCATALOG_COMPILER_APPICON_NAME = AppIcon;
				ASSETCATALOG_COMPILER_LAUNCHIMAGE_NAME = LaunchImage;
				INFOPLIST_FILE = PushDemo/Info.plist;
				LD_RUNPATH_SEARCH_PATHS = "$(inherited) @executable_path/Frameworks";
				PRODUCT_NAME = "$(TARGET_NAME)";
			};
			name = Release;
		};
		04A25467195D423700E37CAD /* Debug */ = {
			isa = XCBuildConfiguration;
			buildSettings = {
				BUNDLE_LOADER = "$(BUILT_PRODUCTS_DIR)/PushDemo.app/PushDemo";
				FRAMEWORK_SEARCH_PATHS = (
					"$(SDKROOT)/Developer/Library/Frameworks",
					"$(inherited)",
				);
				GCC_PREPROCESSOR_DEFINITIONS = (
					"DEBUG=1",
					"$(inherited)",
				);
				INFOPLIST_FILE = PushDemoTests/Info.plist;
				LD_RUNPATH_SEARCH_PATHS = "$(inherited) @executable_path/Frameworks @loader_path/Frameworks";
				METAL_ENABLE_DEBUG_INFO = YES;
				PRODUCT_NAME = "$(TARGET_NAME)";
				TEST_HOST = "$(BUNDLE_LOADER)";
			};
			name = Debug;
		};
		04A25468195D423700E37CAD /* Release */ = {
			isa = XCBuildConfiguration;
			buildSettings = {
				BUNDLE_LOADER = "$(BUILT_PRODUCTS_DIR)/PushDemo.app/PushDemo";
				FRAMEWORK_SEARCH_PATHS = (
					"$(SDKROOT)/Developer/Library/Frameworks",
					"$(inherited)",
				);
				INFOPLIST_FILE = PushDemoTests/Info.plist;
				LD_RUNPATH_SEARCH_PATHS = "$(inherited) @executable_path/Frameworks @loader_path/Frameworks";
				METAL_ENABLE_DEBUG_INFO = NO;
				PRODUCT_NAME = "$(TARGET_NAME)";
				TEST_HOST = "$(BUNDLE_LOADER)";
			};
			name = Release;
		};
/* End XCBuildConfiguration section */

/* Begin XCConfigurationList section */
		04A25444195D423700E37CAD /* Build configuration list for PBXProject "PushDemo" */ = {
			isa = XCConfigurationList;
			buildConfigurations = (
				04A25461195D423700E37CAD /* Debug */,
				04A25462195D423700E37CAD /* Release */,
			);
			defaultConfigurationIsVisible = 0;
			defaultConfigurationName = Release;
		};
		04A25463195D423700E37CAD /* Build configuration list for PBXNativeTarget "PushDemo" */ = {
			isa = XCConfigurationList;
			buildConfigurations = (
				04A25464195D423700E37CAD /* Debug */,
				04A25465195D423700E37CAD /* Release */,
			);
			defaultConfigurationIsVisible = 0;
		};
		04A25466195D423700E37CAD /* Build configuration list for PBXNativeTarget "PushDemoTests" */ = {
			isa = XCConfigurationList;
			buildConfigurations = (
				04A25467195D423700E37CAD /* Debug */,
				04A25468195D423700E37CAD /* Release */,
			);
			defaultConfigurationIsVisible = 0;
		};
/* End XCConfigurationList section */
	};
	rootObject = 04A25441195D423700E37CAD /* Project object */;
}
